{
  "name": "databaseserver",
  "version": "1.0.0",
  "lockfileVersion": 3,
  "requires": true,
  "packages": {
    "": {
      "name": "databaseserver",
      "version": "1.0.0",
      "license": "ISC",
      "dependencies": {
        "uWebSockets.js": "github:uNetworking/uWebSockets.js#v20.52.0"
      }
    },
    "node_modules/uWebSockets.js": {
      "version": "20.52.0",
      "resolved": "git+ssh://git@github.com/uNetworking/uWebSockets.js.git#cfc9a40d8132a34881813cec3d5f8e3a185b3ce3",
      "license": "Apache-2.0"
    }
  }
}
